
Microsoft Visual Studio Solution File, Format Version 12.00
# Visual Studio Version 16
VisualStudioVersion = 16.0.31129.286
MinimumVisualStudioVersion = 10.0.40219.1
Project("{8BC9CEB8-8B4A-11D0-8D11-00A0C91BC942}") = "Matrix", "Matrix\Matrix.vcxproj", "{AA8893EB-775B-4D66-8C6D-6E483B04AE02}"
EndProject
Global
	GlobalSection(SolutionConfigurationPlatforms) = preSolution
		Debug|x64 = Debug|x64
		Debug|x86 = Debug|x86
		Release|x64 = Release|x64
		Release|x86 = Release|x86
	EndGlobalSection
	GlobalSection(ProjectConfigurationPlatforms) = postSolution
		{AA8893EB-775B-4D66-8C6D-6E483B04AE02}.Debug|x64.ActiveCfg = Debug|x64
		{AA8893EB-775B-4D66-8C6D-6E483B04AE02}.Debug|x64.Build.0 = Debug|x64
		{AA8893EB-775B-4D66-8C6D-6E483B04AE02}.Debug|x86.ActiveCfg = Debug|Win32
		{AA8893EB-775B-4D66-8C6D-6E483B04AE02}.Debug|x86.Build.0 = Debug|Win32
		{AA8893EB-775B-4D66-8C6D-6E483B04AE02}.Release|x64.ActiveCfg = Release|x64
		{AA8893EB-775B-4D66-8C6D-6E483B04AE02}.Release|x64.Build.0 = Release|x64
		{AA8893EB-775B-4D66-8C6D-6E483B04AE02}.Release|x86.ActiveCfg = Release|Win32
		{AA8893EB-775B-4D66-8C6D-6E483B04AE02}.Release|x86.Build.0 = Release|Win32
	EndGlobalSection
	GlobalSection(SolutionProperties) = preSolution
		HideSolutionNode = FALSE
	EndGlobalSection
	GlobalSection(ExtensibilityGlobals) = postSolution
		SolutionGuid = {9E739BFA-96E0-4564-9964-3665B68E4D44}
	EndGlobalSection
EndGlobal
